
Microsoft Visual Studio Solution File, Format Version 12.00
# Visual Studio 2013
VisualStudioVersion = 12.0.31101.0
MinimumVisualStudioVersion = 10.0.40219.1
Project("{FAE04EC0-301F-11D3-BF4B-00C04F79EFBC}") = "Ex05.Interface", "Ex05.UI\Ex05.Interface.csproj", "{2CF12199-2553-405E-8AD4-95DF442B4B60}"
EndProject
Project("{FAE04EC0-301F-11D3-BF4B-00C04F79EFBC}") = "Ex05.Logic", "Ex05.CheckersLogic\Ex05.Logic.csproj", "{3AB185C4-1F55-4309-8411-70FB9AB1D00C}"
EndProject
Project("{2150E333-8FDC-42A3-9474-1A3956D46DE8}") = "Solution Items", "Solution Items", "{B33B0C09-29C1-4A6F-B2B2-3992BECE61A9}"
	ProjectSection(SolutionItems) = preProject
		Exercise Checking Report.txt = Exercise Checking Report.txt
	EndProjectSection
EndProject
Global
	GlobalSection(SolutionConfigurationPlatforms) = preSolution
		Debug|Any CPU = Debug|Any CPU
		Release|Any CPU = Release|Any CPU
	EndGlobalSection
	GlobalSection(ProjectConfigurationPlatforms) = postSolution
		{2CF12199-2553-405E-8AD4-95DF442B4B60}.Debug|Any CPU.ActiveCfg = Debug|Any CPU
		{2CF12199-2553-405E-8AD4-95DF442B4B60}.Debug|Any CPU.Build.0 = Debug|Any CPU
		{2CF12199-2553-405E-8AD4-95DF442B4B60}.Release|Any CPU.ActiveCfg = Release|Any CPU
		{2CF12199-2553-405E-8AD4-95DF442B4B60}.Release|Any CPU.Build.0 = Release|Any CPU
		{3AB185C4-1F55-4309-8411-70FB9AB1D00C}.Debug|Any CPU.ActiveCfg = Debug|Any CPU
		{3AB185C4-1F55-4309-8411-70FB9AB1D00C}.Debug|Any CPU.Build.0 = Debug|Any CPU
		{3AB185C4-1F55-4309-8411-70FB9AB1D00C}.Release|Any CPU.ActiveCfg = Release|Any CPU
		{3AB185C4-1F55-4309-8411-70FB9AB1D00C}.Release|Any CPU.Build.0 = Release|Any CPU
	EndGlobalSection
	GlobalSection(SolutionProperties) = preSolution
		HideSolutionNode = FALSE
	EndGlobalSection
EndGlobal
